
Microsoft Visual Studio Solution File, Format Version 12.00
# Visual Studio Version 17
VisualStudioVersion = 17.1.32228.430
MinimumVisualStudioVersion = 10.0.40219.1
Project("{9A19103F-16F7-4668-BE54-9A1E7A4F7556}") = "Oop101", "Oop101\Oop101.csproj", "{F195380B-8281-4E32-80E5-759506D9361D}"
EndProject
Project("{2150E333-8FDC-42A3-9474-1A3956D46DE8}") = "1. Gün", "1. Gün", "{093E6A59-8968-4BCC-A6B9-D9728A2B6AB7}"
EndProject
Project("{2150E333-8FDC-42A3-9474-1A3956D46DE8}") = "2. Gün", "2. Gün", "{9E712A6D-712E-4473-AA21-0383A315D8B3}"
EndProject
Project("{9A19103F-16F7-4668-BE54-9A1E7A4F7556}") = "Oop101.Polymorphism", "Oop101.Polymorphism\Oop101.Polymorphism.csproj", "{A9D8B086-27B1-4880-87DA-D447851FF653}"
EndProject
Project("{2150E333-8FDC-42A3-9474-1A3956D46DE8}") = "3.Gün", "3.Gün", "{F2D2D779-CDAE-464C-9ECA-F7B80072D10F}"
EndProject
Project("{9A19103F-16F7-4668-BE54-9A1E7A4F7556}") = "Mvc101", "Mvc101\Mvc101.csproj", "{E31C5C10-B2A4-4251-87D2-A0842D16167A}"
EndProject
Project("{2150E333-8FDC-42A3-9474-1A3956D46DE8}") = "4.Gün", "4.Gün", "{E0421E22-0A7F-4BF1-82B6-E93B72ECD5E3}"
EndProject
Project("{9A19103F-16F7-4668-BE54-9A1E7A4F7556}") = "Identity101", "Identity101\Identity101.csproj", "{C85E5267-8136-4257-B8DD-787B776C3992}"
EndProject
Project("{2150E333-8FDC-42A3-9474-1A3956D46DE8}") = "5.Gün", "5.Gün", "{BCF65DE0-DBC8-4516-9798-3A6CEA6E7C7E}"
EndProject
Project("{9A19103F-16F7-4668-BE54-9A1E7A4F7556}") = "WebApplication2", "WebApplication2\WebApplication2.csproj", "{216D449D-9017-4B5E-B0F4-CF126A9B29E2}"
EndProject
Project("{2150E333-8FDC-42A3-9474-1A3956D46DE8}") = "6.Gün", "6.Gün", "{D528389A-03B9-425F-B680-9AEEEF1775F5}"
EndProject
Project("{9A19103F-16F7-4668-BE54-9A1E7A4F7556}") = "AdminTemplate", "AdminTemplate\AdminTemplate.csproj", "{516D0117-BAD1-4E1E-A2DC-2BB03671FA56}"
EndProject
Project("{2150E333-8FDC-42A3-9474-1A3956D46DE8}") = "7.Gün", "7.Gün", "{B1F1402F-060A-41E0-AAE6-99F6904C4B7B}"
EndProject
Project("{9A19103F-16F7-4668-BE54-9A1E7A4F7556}") = "WissenShop.Business", "WissenShop.Business\WissenShop.Business.csproj", "{A8369A6B-66D7-4FCB-A622-1B3EDBF14313}"
EndProject
Project("{9A19103F-16F7-4668-BE54-9A1E7A4F7556}") = "WissenShop.Core", "WissenShop.Core\WissenShop.Core.csproj", "{12F219C3-13E7-49E5-8F77-523DBC140E3E}"
EndProject
Project("{9A19103F-16F7-4668-BE54-9A1E7A4F7556}") = "WissenShop.Data", "WissenShop.Data\WissenShop.Data.csproj", "{55816612-D1C0-45BC-982B-C58C6F149A73}"
EndProject
Project("{9A19103F-16F7-4668-BE54-9A1E7A4F7556}") = "WissenShop.Web", "WissenShop.Web\WissenShop.Web.csproj", "{8981CCCD-3694-415C-A758-1233E68D2434}"
EndProject
Project("{9A19103F-16F7-4668-BE54-9A1E7A4F7556}") = "WissenShop.Web.Core", "WissenShop.Web.Core\WissenShop.Web.Core.csproj", "{57FC6013-885D-4167-803E-2C506589181A}"
EndProject
Project("{9A19103F-16F7-4668-BE54-9A1E7A4F7556}") = "WissenShop.Web2", "WissenShop.Web2\WissenShop.Web2.csproj", "{66C30DEC-3763-4A1A-9850-A15D8085CABE}"
EndProject
Project("{2150E333-8FDC-42A3-9474-1A3956D46DE8}") = "8.Gün", "8.Gün", "{6E7C37D1-F621-442F-92E0-37B4801F8682}"
	ProjectSection(SolutionItems) = preProject
		NorthScript.sql = NorthScript.sql
	EndProjectSection
EndProject
Project("{FAE04EC0-301F-11D3-BF4B-00C04F79EFBC}") = "North.Core", "North.Core\North.Core.csproj", "{BC61E037-E35A-4CE5-BA55-39FCF756C90F}"
EndProject
Project("{FAE04EC0-301F-11D3-BF4B-00C04F79EFBC}") = "North.Data", "North.Data\North.Data.csproj", "{5233AB1D-0008-43E8-8DCD-6373CB781B35}"
EndProject
Project("{FAE04EC0-301F-11D3-BF4B-00C04F79EFBC}") = "North.Business", "North.Business\North.Business.csproj", "{D7694707-B3A1-45E8-8A9E-820D7690BD00}"
EndProject
Project("{FAE04EC0-301F-11D3-BF4B-00C04F79EFBC}") = "North.Web", "North.Web\North.Web.csproj", "{45E5FDBF-A183-47A2-AE9F-7D30ECE74F29}"
EndProject
Global
	GlobalSection(SolutionConfigurationPlatforms) = preSolution
		Debug|Any CPU = Debug|Any CPU
		Release|Any CPU = Release|Any CPU
	EndGlobalSection
	GlobalSection(ProjectConfigurationPlatforms) = postSolution
		{F195380B-8281-4E32-80E5-759506D9361D}.Debug|Any CPU.ActiveCfg = Debug|Any CPU
		{F195380B-8281-4E32-80E5-759506D9361D}.Debug|Any CPU.Build.0 = Debug|Any CPU
		{F195380B-8281-4E32-80E5-759506D9361D}.Release|Any CPU.ActiveCfg = Release|Any CPU
		{F195380B-8281-4E32-80E5-759506D9361D}.Release|Any CPU.Build.0 = Release|Any CPU
		{A9D8B086-27B1-4880-87DA-D447851FF653}.Debug|Any CPU.ActiveCfg = Debug|Any CPU
		{A9D8B086-27B1-4880-87DA-D447851FF653}.Debug|Any CPU.Build.0 = Debug|Any CPU
		{A9D8B086-27B1-4880-87DA-D447851FF653}.Release|Any CPU.ActiveCfg = Release|Any CPU
		{A9D8B086-27B1-4880-87DA-D447851FF653}.Release|Any CPU.Build.0 = Release|Any CPU
		{E31C5C10-B2A4-4251-87D2-A0842D16167A}.Debug|Any CPU.ActiveCfg = Debug|Any CPU
		{E31C5C10-B2A4-4251-87D2-A0842D16167A}.Debug|Any CPU.Build.0 = Debug|Any CPU
		{E31C5C10-B2A4-4251-87D2-A0842D16167A}.Release|Any CPU.ActiveCfg = Release|Any CPU
		{E31C5C10-B2A4-4251-87D2-A0842D16167A}.Release|Any CPU.Build.0 = Release|Any CPU
		{C85E5267-8136-4257-B8DD-787B776C3992}.Debug|Any CPU.ActiveCfg = Debug|Any CPU
		{C85E5267-8136-4257-B8DD-787B776C3992}.Debug|Any CPU.Build.0 = Debug|Any CPU
		{C85E5267-8136-4257-B8DD-787B776C3992}.Release|Any CPU.ActiveCfg = Release|Any CPU
		{C85E5267-8136-4257-B8DD-787B776C3992}.Release|Any CPU.Build.0 = Release|Any CPU
		{216D449D-9017-4B5E-B0F4-CF126A9B29E2}.Debug|Any CPU.ActiveCfg = Debug|Any CPU
		{216D449D-9017-4B5E-B0F4-CF126A9B29E2}.Debug|Any CPU.Build.0 = Debug|Any CPU
		{216D449D-9017-4B5E-B0F4-CF126A9B29E2}.Release|Any CPU.ActiveCfg = Release|Any CPU
		{216D449D-9017-4B5E-B0F4-CF126A9B29E2}.Release|Any CPU.Build.0 = Release|Any CPU
		{516D0117-BAD1-4E1E-A2DC-2BB03671FA56}.Debug|Any CPU.ActiveCfg = Debug|Any CPU
		{516D0117-BAD1-4E1E-A2DC-2BB03671FA56}.Debug|Any CPU.Build.0 = Debug|Any CPU
		{516D0117-BAD1-4E1E-A2DC-2BB03671FA56}.Release|Any CPU.ActiveCfg = Release|Any CPU
		{516D0117-BAD1-4E1E-A2DC-2BB03671FA56}.Release|Any CPU.Build.0 = Release|Any CPU
		{A8369A6B-66D7-4FCB-A622-1B3EDBF14313}.Debug|Any CPU.ActiveCfg = Debug|Any CPU
		{A8369A6B-66D7-4FCB-A622-1B3EDBF14313}.Debug|Any CPU.Build.0 = Debug|Any CPU
		{A8369A6B-66D7-4FCB-A622-1B3EDBF14313}.Release|Any CPU.ActiveCfg = Release|Any CPU
		{A8369A6B-66D7-4FCB-A622-1B3EDBF14313}.Release|Any CPU.Build.0 = Release|Any CPU
		{12F219C3-13E7-49E5-8F77-523DBC140E3E}.Debug|Any CPU.ActiveCfg = Debug|Any CPU
		{12F219C3-13E7-49E5-8F77-523DBC140E3E}.Debug|Any CPU.Build.0 = Debug|Any CPU
		{12F219C3-13E7-49E5-8F77-523DBC140E3E}.Release|Any CPU.ActiveCfg = Release|Any CPU
		{12F219C3-13E7-49E5-8F77-523DBC140E3E}.Release|Any CPU.Build.0 = Release|Any CPU
		{55816612-D1C0-45BC-982B-C58C6F149A73}.Debug|Any CPU.ActiveCfg = Debug|Any CPU
		{55816612-D1C0-45BC-982B-C58C6F149A73}.Debug|Any CPU.Build.0 = Debug|Any CPU
		{55816612-D1C0-45BC-982B-C58C6F149A73}.Release|Any CPU.ActiveCfg = Release|Any CPU
		{55816612-D1C0-45BC-982B-C58C6F149A73}.Release|Any CPU.Build.0 = Release|Any CPU
		{8981CCCD-3694-415C-A758-1233E68D2434}.Debug|Any CPU.ActiveCfg = Debug|Any CPU
		{8981CCCD-3694-415C-A758-1233E68D2434}.Debug|Any CPU.Build.0 = Debug|Any CPU
		{8981CCCD-3694-415C-A758-1233E68D2434}.Release|Any CPU.ActiveCfg = Release|Any CPU
		{8981CCCD-3694-415C-A758-1233E68D2434}.Release|Any CPU.Build.0 = Release|Any CPU
		{57FC6013-885D-4167-803E-2C506589181A}.Debug|Any CPU.ActiveCfg = Debug|Any CPU
		{57FC6013-885D-4167-803E-2C506589181A}.Debug|Any CPU.Build.0 = Debug|Any CPU
		{57FC6013-885D-4167-803E-2C506589181A}.Release|Any CPU.ActiveCfg = Release|Any CPU
		{57FC6013-885D-4167-803E-2C506589181A}.Release|Any CPU.Build.0 = Release|Any CPU
		{66C30DEC-3763-4A1A-9850-A15D8085CABE}.Debug|Any CPU.ActiveCfg = Debug|Any CPU
		{66C30DEC-3763-4A1A-9850-A15D8085CABE}.Debug|Any CPU.Build.0 = Debug|Any CPU
		{66C30DEC-3763-4A1A-9850-A15D8085CABE}.Release|Any CPU.ActiveCfg = Release|Any CPU
		{66C30DEC-3763-4A1A-9850-A15D8085CABE}.Release|Any CPU.Build.0 = Release|Any CPU
		{BC61E037-E35A-4CE5-BA55-39FCF756C90F}.Debug|Any CPU.ActiveCfg = Debug|Any CPU
		{BC61E037-E35A-4CE5-BA55-39FCF756C90F}.Debug|Any CPU.Build.0 = Debug|Any CPU
		{BC61E037-E35A-4CE5-BA55-39FCF756C90F}.Release|Any CPU.ActiveCfg = Release|Any CPU
		{BC61E037-E35A-4CE5-BA55-39FCF756C90F}.Release|Any CPU.Build.0 = Release|Any CPU
		{5233AB1D-0008-43E8-8DCD-6373CB781B35}.Debug|Any CPU.ActiveCfg = Debug|Any CPU
		{5233AB1D-0008-43E8-8DCD-6373CB781B35}.Debug|Any CPU.Build.0 = Debug|Any CPU
		{5233AB1D-0008-43E8-8DCD-6373CB781B35}.Release|Any CPU.ActiveCfg = Release|Any CPU
		{5233AB1D-0008-43E8-8DCD-6373CB781B35}.Release|Any CPU.Build.0 = Release|Any CPU
		{D7694707-B3A1-45E8-8A9E-820D7690BD00}.Debug|Any CPU.ActiveCfg = Debug|Any CPU
		{D7694707-B3A1-45E8-8A9E-820D7690BD00}.Debug|Any CPU.Build.0 = Debug|Any CPU
		{D7694707-B3A1-45E8-8A9E-820D7690BD00}.Release|Any CPU.ActiveCfg = Release|Any CPU
		{D7694707-B3A1-45E8-8A9E-820D7690BD00}.Release|Any CPU.Build.0 = Release|Any CPU
		{45E5FDBF-A183-47A2-AE9F-7D30ECE74F29}.Debug|Any CPU.ActiveCfg = Debug|Any CPU
		{45E5FDBF-A183-47A2-AE9F-7D30ECE74F29}.Debug|Any CPU.Build.0 = Debug|Any CPU
		{45E5FDBF-A183-47A2-AE9F-7D30ECE74F29}.Release|Any CPU.ActiveCfg = Release|Any CPU
		{45E5FDBF-A183-47A2-AE9F-7D30ECE74F29}.Release|Any CPU.Build.0 = Release|Any CPU
	EndGlobalSection
	GlobalSection(SolutionProperties) = preSolution
		HideSolutionNode = FALSE
	EndGlobalSection
	GlobalSection(NestedProjects) = preSolution
		{F195380B-8281-4E32-80E5-759506D9361D} = {093E6A59-8968-4BCC-A6B9-D9728A2B6AB7}
		{A9D8B086-27B1-4880-87DA-D447851FF653} = {9E712A6D-712E-4473-AA21-0383A315D8B3}
		{E31C5C10-B2A4-4251-87D2-A0842D16167A} = {F2D2D779-CDAE-464C-9ECA-F7B80072D10F}
		{C85E5267-8136-4257-B8DD-787B776C3992} = {E0421E22-0A7F-4BF1-82B6-E93B72ECD5E3}
		{216D449D-9017-4B5E-B0F4-CF126A9B29E2} = {BCF65DE0-DBC8-4516-9798-3A6CEA6E7C7E}
		{516D0117-BAD1-4E1E-A2DC-2BB03671FA56} = {D528389A-03B9-425F-B680-9AEEEF1775F5}
		{A8369A6B-66D7-4FCB-A622-1B3EDBF14313} = {B1F1402F-060A-41E0-AAE6-99F6904C4B7B}
		{12F219C3-13E7-49E5-8F77-523DBC140E3E} = {B1F1402F-060A-41E0-AAE6-99F6904C4B7B}
		{55816612-D1C0-45BC-982B-C58C6F149A73} = {B1F1402F-060A-41E0-AAE6-99F6904C4B7B}
		{8981CCCD-3694-415C-A758-1233E68D2434} = {B1F1402F-060A-41E0-AAE6-99F6904C4B7B}
		{57FC6013-885D-4167-803E-2C506589181A} = {B1F1402F-060A-41E0-AAE6-99F6904C4B7B}
		{66C30DEC-3763-4A1A-9850-A15D8085CABE} = {B1F1402F-060A-41E0-AAE6-99F6904C4B7B}
		{BC61E037-E35A-4CE5-BA55-39FCF756C90F} = {6E7C37D1-F621-442F-92E0-37B4801F8682}
		{5233AB1D-0008-43E8-8DCD-6373CB781B35} = {6E7C37D1-F621-442F-92E0-37B4801F8682}
		{D7694707-B3A1-45E8-8A9E-820D7690BD00} = {6E7C37D1-F621-442F-92E0-37B4801F8682}
		{45E5FDBF-A183-47A2-AE9F-7D30ECE74F29} = {6E7C37D1-F621-442F-92E0-37B4801F8682}
	EndGlobalSection
	GlobalSection(ExtensibilityGlobals) = postSolution
		SolutionGuid = {D57083F0-E72C-4B16-A028-C7AB242E7EA5}
	EndGlobalSection
EndGlobal
